
Microsoft Visual Studio Solution File, Format Version 12.00
# Visual Studio Version 17
VisualStudioVersion = 17.4.33213.308
MinimumVisualStudioVersion = 10.0.40219.1
Project("{FAE04EC0-301F-11D3-BF4B-00C04F79EFBC}") = "Proyecto Reproductor", "Proyecto Reproductor.csproj", "{609C51CA-7CE6-4E92-8C75-A3CA4442225E}"
EndProject
Global
	GlobalSection(SolutionConfigurationPlatforms) = preSolution
		Debug|Any CPU = Debug|Any CPU
		Release|Any CPU = Release|Any CPU
	EndGlobalSection
	GlobalSection(ProjectConfigurationPlatforms) = postSolution
		{609C51CA-7CE6-4E92-8C75-A3CA4442225E}.Debug|Any CPU.ActiveCfg = Debug|Any CPU
		{609C51CA-7CE6-4E92-8C75-A3CA4442225E}.Debug|Any CPU.Build.0 = Debug|Any CPU
		{609C51CA-7CE6-4E92-8C75-A3CA4442225E}.Release|Any CPU.ActiveCfg = Release|Any CPU
		{609C51CA-7CE6-4E92-8C75-A3CA4442225E}.Release|Any CPU.Build.0 = Release|Any CPU
	EndGlobalSection
	GlobalSection(SolutionProperties) = preSolution
		HideSolutionNode = FALSE
	EndGlobalSection
	GlobalSection(ExtensibilityGlobals) = postSolution
		SolutionGuid = {3A090237-8D47-4352-B61B-C6B577794621}
	EndGlobalSection
EndGlobal
